
Microsoft Visual Studio Solution File, Format Version 12.00
# Visual Studio Version 17
VisualStudioVersion = 17.8.34309.116
MinimumVisualStudioVersion = 10.0.40219.1
Project("{9A19103F-16F7-4668-BE54-9A1E7A4F7556}") = "TESTMVCCORE", "TESTMVCCORE.csproj", "{0A94BF86-DAD0-4B6F-BDF3-1DCFD5057FB8}"
EndProject
Project("{FAE04EC0-301F-11D3-BF4B-00C04F79EFBC}") = "TESTMVCCORETests", "..\TESTMVCCORETests\TESTMVCCORETests.csproj", "{471C4F83-25BA-4AA9-AA95-4AF6EEEB2831}"
EndProject
Global
	GlobalSection(SolutionConfigurationPlatforms) = preSolution
		Debug|Any CPU = Debug|Any CPU
		Release|Any CPU = Release|Any CPU
	EndGlobalSection
	GlobalSection(ProjectConfigurationPlatforms) = postSolution
		{0A94BF86-DAD0-4B6F-BDF3-1DCFD5057FB8}.Debug|Any CPU.ActiveCfg = Debug|Any CPU
		{0A94BF86-DAD0-4B6F-BDF3-1DCFD5057FB8}.Debug|Any CPU.Build.0 = Debug|Any CPU
		{0A94BF86-DAD0-4B6F-BDF3-1DCFD5057FB8}.Release|Any CPU.ActiveCfg = Release|Any CPU
		{0A94BF86-DAD0-4B6F-BDF3-1DCFD5057FB8}.Release|Any CPU.Build.0 = Release|Any CPU
		{471C4F83-25BA-4AA9-AA95-4AF6EEEB2831}.Debug|Any CPU.ActiveCfg = Debug|Any CPU
		{471C4F83-25BA-4AA9-AA95-4AF6EEEB2831}.Debug|Any CPU.Build.0 = Debug|Any CPU
		{471C4F83-25BA-4AA9-AA95-4AF6EEEB2831}.Release|Any CPU.ActiveCfg = Release|Any CPU
		{471C4F83-25BA-4AA9-AA95-4AF6EEEB2831}.Release|Any CPU.Build.0 = Release|Any CPU
	EndGlobalSection
	GlobalSection(SolutionProperties) = preSolution
		HideSolutionNode = FALSE
	EndGlobalSection
	GlobalSection(ExtensibilityGlobals) = postSolution
		SolutionGuid = {F9F53600-7FD7-4BF9-B5AF-A9B5E91D7D16}
	EndGlobalSection
EndGlobal
